
Microsoft Visual Studio Solution File, Format Version 12.00
# Visual Studio Version 17
VisualStudioVersion = 17.13.35931.197 d17.13
MinimumVisualStudioVersion = 10.0.40219.1
Project("{FAE04EC0-301F-11D3-BF4B-00C04F79EFBC}") = "HTSController", "HTS Controller\HTSController.csproj", "{0279B2D8-2DF7-4876-8012-5C343A7A5860}"
EndProject
Project("{FAE04EC0-301F-11D3-BF4B-00C04F79EFBC}") = "Controls", "Controls\Controls.csproj", "{65B6E422-F6C9-4FAE-BBD1-58C67A83A2AE}"
EndProject
Global
	GlobalSection(SolutionConfigurationPlatforms) = preSolution
		Debug|Any CPU = Debug|Any CPU
		Debug|x64 = Debug|x64
		Release|Any CPU = Release|Any CPU
		Release|x64 = Release|x64
	EndGlobalSection
	GlobalSection(ProjectConfigurationPlatforms) = postSolution
		{0279B2D8-2DF7-4876-8012-5C343A7A5860}.Debug|Any CPU.ActiveCfg = Debug|Any CPU
		{0279B2D8-2DF7-4876-8012-5C343A7A5860}.Debug|Any CPU.Build.0 = Debug|Any CPU
		{0279B2D8-2DF7-4876-8012-5C343A7A5860}.Debug|x64.ActiveCfg = Debug|x64
		{0279B2D8-2DF7-4876-8012-5C343A7A5860}.Debug|x64.Build.0 = Debug|x64
		{0279B2D8-2DF7-4876-8012-5C343A7A5860}.Release|Any CPU.ActiveCfg = Release|Any CPU
		{0279B2D8-2DF7-4876-8012-5C343A7A5860}.Release|Any CPU.Build.0 = Release|Any CPU
		{0279B2D8-2DF7-4876-8012-5C343A7A5860}.Release|x64.ActiveCfg = Release|x64
		{0279B2D8-2DF7-4876-8012-5C343A7A5860}.Release|x64.Build.0 = Release|x64
		{65B6E422-F6C9-4FAE-BBD1-58C67A83A2AE}.Debug|Any CPU.ActiveCfg = Debug|Any CPU
		{65B6E422-F6C9-4FAE-BBD1-58C67A83A2AE}.Debug|Any CPU.Build.0 = Debug|Any CPU
		{65B6E422-F6C9-4FAE-BBD1-58C67A83A2AE}.Debug|x64.ActiveCfg = Debug|x64
		{65B6E422-F6C9-4FAE-BBD1-58C67A83A2AE}.Debug|x64.Build.0 = Debug|x64
		{65B6E422-F6C9-4FAE-BBD1-58C67A83A2AE}.Release|Any CPU.ActiveCfg = Release|Any CPU
		{65B6E422-F6C9-4FAE-BBD1-58C67A83A2AE}.Release|Any CPU.Build.0 = Release|Any CPU
		{65B6E422-F6C9-4FAE-BBD1-58C67A83A2AE}.Release|x64.ActiveCfg = Release|x64
		{65B6E422-F6C9-4FAE-BBD1-58C67A83A2AE}.Release|x64.Build.0 = Release|x64
	EndGlobalSection
	GlobalSection(SolutionProperties) = preSolution
		HideSolutionNode = FALSE
	EndGlobalSection
	GlobalSection(ExtensibilityGlobals) = postSolution
		SolutionGuid = {99DD09E9-030D-4700-AB9C-692A94D599B8}
	EndGlobalSection
EndGlobal
