
Microsoft Visual Studio Solution File, Format Version 12.00
# Visual Studio 15
VisualStudioVersion = 15.0.28307.1758
MinimumVisualStudioVersion = 10.0.40219.1
Project("{FAE04EC0-301F-11D3-BF4B-00C04F79EFBC}") = "TabletInterface", "TabletInterface\TabletInterface.csproj", "{0279B2D8-2DF7-4876-8012-5C343A7A5860}"
EndProject
Global
	GlobalSection(SolutionConfigurationPlatforms) = preSolution
		Debug|Any CPU = Debug|Any CPU
		Release|Any CPU = Release|Any CPU
	EndGlobalSection
	GlobalSection(ProjectConfigurationPlatforms) = postSolution
		{0279B2D8-2DF7-4876-8012-5C343A7A5860}.Debug|Any CPU.ActiveCfg = Debug|Any CPU
		{0279B2D8-2DF7-4876-8012-5C343A7A5860}.Debug|Any CPU.Build.0 = Debug|Any CPU
		{0279B2D8-2DF7-4876-8012-5C343A7A5860}.Release|Any CPU.ActiveCfg = Release|Any CPU
		{0279B2D8-2DF7-4876-8012-5C343A7A5860}.Release|Any CPU.Build.0 = Release|Any CPU
	EndGlobalSection
	GlobalSection(SolutionProperties) = preSolution
		HideSolutionNode = FALSE
	EndGlobalSection
	GlobalSection(ExtensibilityGlobals) = postSolution
		SolutionGuid = {99DD09E9-030D-4700-AB9C-692A94D599B8}
	EndGlobalSection
EndGlobal
